<?xml version="1.0" encoding="utf-8"?>
<Project ToolsVersion="4.0" xmlns="http://schemas.microsoft.com/developer/msbuild/2003">
  <ItemGroup>
    <Filter Include="Source Files">
      <UniqueIdentifier>{4FC737F1-C7A5-4376-A066-2A32D752A2FF}</UniqueIdentifier>
      <Extensions>cpp;c;cc;cxx;def;odl;idl;hpj;bat;asm;asmx</Extensions>
    </Filter>
    <Filter Include="Header Files">
      <UniqueIdentifier>{93995380-89BD-4b04-88EB-625FBE52EBFB}</UniqueIdentifier>
      <Extensions>h;hh;hpp;hxx;hm;inl;inc;xsd</Extensions>
    </Filter>
    <Filter Include="Resource Files">
      <UniqueIdentifier>{67DA6AB6-F800-4c08-8B7A-83BB121AAD01}</UniqueIdentifier>
      <Extensions>rc;ico;cur;bmp;dlg;rc2;rct;bin;rgs;gif;jpg;jpeg;jpe;resx;tiff;tif;png;wav;mfcribbon-ms</Extensions>
    </Filter>
  </ItemGroup>
  <ItemGroup>
    <ClInclude Include="basics.h">
      <Filter>Header Files</Filter>
    </ClInclude>
    <ClInclude Include="prelude.h">
      <Filter>Header Files</Filter>
    </ClInclude>
    <ClInclude Include="10-5_Factorial.h">
      <Filter>Header Files</Filter>
    </ClInclude>
    <ClInclude Include="10-10_traits.h">
      <Filter>Header Files</Filter>
    </ClInclude>
    <ClInclude Include="10-10_cons_list.h">
      <Filter>Header Files</Filter>
    </ClInclude>
    <ClInclude Include="10-10_lisp.h">
      <Filter>Header Files</Filter>
    </ClInclude>
    <ClInclude Include="10-11_controls.h">
      <Filter>Header Files</Filter>
    </ClInclude>
    <ClInclude Include="haskell_to_cpp.h">
      <Filter>Header Files</Filter>
    </ClInclude>
    <ClInclude Include="github_lisp.h">
      <Filter>Header Files</Filter>
    </ClInclude>
    <ClInclude Include="haskell_subset.h">
      <Filter>Header Files</Filter>
    </ClInclude>
    <ClInclude Include="for_test_use.h">
      <Filter>Header Files</Filter>
    </ClInclude>
  </ItemGroup>
  <ItemGroup>
    <ClCompile Include="basics_test.cpp">
      <Filter>Source Files</Filter>
    </ClCompile>
    <ClCompile Include="constexpr.cpp">
      <Filter>Source Files</Filter>
    </ClCompile>
    <ClCompile Include="varadic-parameters.cpp">
      <Filter>Source Files</Filter>
    </ClCompile>
    <ClCompile Include="curry.cpp">
      <Filter>Source Files</Filter>
    </ClCompile>
  </ItemGroup>
</Project>