<?xml version="1.0" encoding="utf-8"?>
<Project ToolsVersion="4.0" xmlns="http://schemas.microsoft.com/developer/msbuild/2003">
  <ItemGroup>
    <Filter Include="Source Files">
      <UniqueIdentifier>{4FC737F1-C7A5-4376-A066-2A32D752A2FF}</UniqueIdentifier>
      <Extensions>cpp;c;cc;cxx;def;odl;idl;hpj;bat;asm;asmx</Extensions>
    </Filter>
    <Filter Include="Header Files">
      <UniqueIdentifier>{93995380-89BD-4b04-88EB-625FBE52EBFB}</UniqueIdentifier>
      <Extensions>h;hh;hpp;hxx;hm;inl;inc;xsd</Extensions>
    </Filter>
    <Filter Include="Resource Files">
      <UniqueIdentifier>{67DA6AB6-F800-4c08-8B7A-83BB121AAD01}</UniqueIdentifier>
      <Extensions>rc;ico;cur;bmp;dlg;rc2;rct;bin;rgs;gif;jpg;jpeg;jpe;resx;tiff;tif;png;wav;mfcribbon-ms</Extensions>
    </Filter>
  </ItemGroup>
  <ItemGroup>
    <ClCompile Include="example1.cpp">
      <Filter>Source Files</Filter>
    </ClCompile>
    <ClCompile Include="_Main.cpp">
      <Filter>Source Files</Filter>
    </ClCompile>
    <ClCompile Include="TMP-constructs.cpp">
      <Filter>Source Files</Filter>
    </ClCompile>
    <ClCompile Include="traits_use.cpp">
      <Filter>Source Files</Filter>
    </ClCompile>
    <ClCompile Include="_PreView.cpp">
      <Filter>Source Files</Filter>
    </ClCompile>
    <ClCompile Include="curry.cpp">
      <Filter>Source Files</Filter>
    </ClCompile>
    <ClCompile Include="declval.cpp">
      <Filter>Source Files</Filter>
    </ClCompile>
    <ClCompile Include="SFINEA.cpp">
      <Filter>Source Files</Filter>
    </ClCompile>
    <ClCompile Include="POD_trival_standard-layout.cpp">
      <Filter>Source Files</Filter>
    </ClCompile>
  </ItemGroup>
  <ItemGroup>
    <ClInclude Include="prelude.h">
      <Filter>Header Files</Filter>
    </ClInclude>
    <ClInclude Include="_Exer_chap2.h">
      <Filter>Header Files</Filter>
    </ClInclude>
    <ClInclude Include="util_control_flows.h">
      <Filter>Header Files</Filter>
    </ClInclude>
    <ClInclude Include="prelude_boost.h">
      <Filter>Header Files</Filter>
    </ClInclude>
    <ClInclude Include="ch3_dimension.h">
      <Filter>Header Files</Filter>
    </ClInclude>
    <ClInclude Include="ch3_high_order.h">
      <Filter>Header Files</Filter>
    </ClInclude>
    <ClInclude Include="ch3_placeholder.h">
      <Filter>Header Files</Filter>
    </ClInclude>
    <ClInclude Include="_Exer_chap3.h">
      <Filter>Header Files</Filter>
    </ClInclude>
    <ClInclude Include="ch4_int_wrapper.h">
      <Filter>Header Files</Filter>
    </ClInclude>
    <ClInclude Include="_Exer_chap4.h">
      <Filter>Header Files</Filter>
    </ClInclude>
    <ClInclude Include="ch5_concept.h">
      <Filter>Header Files</Filter>
    </ClInclude>
    <ClInclude Include="ch6_inserter.h">
      <Filter>Header Files</Filter>
    </ClInclude>
    <ClInclude Include="ch7_view.h">
      <Filter>Header Files</Filter>
    </ClInclude>
    <ClInclude Include="ch8_dignostics.h">
      <Filter>Header Files</Filter>
    </ClInclude>
    <ClInclude Include="ch9_foreach.h">
      <Filter>Header Files</Filter>
    </ClInclude>
    <ClInclude Include="callable_object.h">
      <Filter>Header Files</Filter>
    </ClInclude>
    <ClInclude Include="ch9_function_call_dispatching.h">
      <Filter>Header Files</Filter>
    </ClInclude>
    <ClInclude Include="ch9_func-obj_generator.h">
      <Filter>Header Files</Filter>
    </ClInclude>
    <ClInclude Include="ch9_enable_if.h">
      <Filter>Header Files</Filter>
    </ClInclude>
    <ClInclude Include="ch9_sizeof.h">
      <Filter>Header Files</Filter>
    </ClInclude>
    <ClInclude Include="ch10_expression_template.h">
      <Filter>Header Files</Filter>
    </ClInclude>
    <ClInclude Include="ch11_dsl_radio.h">
      <Filter>Header Files</Filter>
    </ClInclude>
    <ClInclude Include="Append_A_preprocess.h">
      <Filter>Header Files</Filter>
    </ClInclude>
  </ItemGroup>
</Project>